
Microsoft Visual Studio Solution File, Format Version 12.00
# Visual Studio Version 16
VisualStudioVersion = 16.0.29926.136
MinimumVisualStudioVersion = 10.0.40219.1
Project("{FAE04EC0-301F-11D3-BF4B-00C04F79EFBC}") = "WPFFinalTest2", "WPFFinalTest2\WPFFinalTest2.csproj", "{2A9C2B41-3638-4B1C-8BBA-095E05566487}"
EndProject
Global
	GlobalSection(SolutionConfigurationPlatforms) = preSolution
		Debug|Any CPU = Debug|Any CPU
		Release|Any CPU = Release|Any CPU
	EndGlobalSection
	GlobalSection(ProjectConfigurationPlatforms) = postSolution
		{2A9C2B41-3638-4B1C-8BBA-095E05566487}.Debug|Any CPU.ActiveCfg = Debug|Any CPU
		{2A9C2B41-3638-4B1C-8BBA-095E05566487}.Debug|Any CPU.Build.0 = Debug|Any CPU
		{2A9C2B41-3638-4B1C-8BBA-095E05566487}.Release|Any CPU.ActiveCfg = Release|Any CPU
		{2A9C2B41-3638-4B1C-8BBA-095E05566487}.Release|Any CPU.Build.0 = Release|Any CPU
	EndGlobalSection
	GlobalSection(SolutionProperties) = preSolution
		HideSolutionNode = FALSE
	EndGlobalSection
	GlobalSection(ExtensibilityGlobals) = postSolution
		SolutionGuid = {131977FF-C780-4AE7-BDC6-47958522D2A7}
	EndGlobalSection
EndGlobal
